PODS:
  - LoremIpsum (1.0.0)
  - SlackTextViewController (1.4):
    - SlackTextViewController/Additions (= 1.4)
  - SlackTextViewController/Additions (1.4)

DEPENDENCIES:
  - LoremIpsum (~> 1.0)
  - SlackTextViewController (from `../../SlackTextViewController.podspec`)

EXTERNAL SOURCES:
  SlackTextViewController:
    :path: ../../SlackTextViewController.podspec

SPEC CHECKSUMS:
  LoremIpsum: a4d378ecaffcb08c7e40cdba3fb935dc41b2272c
  SlackTextViewController: 0c1b0c5af2bdea7669420a000ce1d5ca25cf06a3

COCOAPODS: 0.35.0
